
Microsoft Visual Studio Solution File, Format Version 12.00
# Visual Studio Version 17
VisualStudioVersion = 17.11.35327.3
MinimumVisualStudioVersion = 10.0.40219.1
Project("{FAE04EC0-301F-11D3-BF4B-00C04F79EFBC}") = "AppEsc", "AppEsc\AppEsc.csproj", "{B5B27152-F369-4ADC-8740-2713FA1A6956}"
EndProject
Global
	GlobalSection(SolutionConfigurationPlatforms) = preSolution
		Debug|Any CPU = Debug|Any CPU
		Release|Any CPU = Release|Any CPU
	EndGlobalSection
	GlobalSection(ProjectConfigurationPlatforms) = postSolution
		{B5B27152-F369-4ADC-8740-2713FA1A6956}.Debug|Any CPU.ActiveCfg = Debug|Any CPU
		{B5B27152-F369-4ADC-8740-2713FA1A6956}.Debug|Any CPU.Build.0 = Debug|Any CPU
		{B5B27152-F369-4ADC-8740-2713FA1A6956}.Release|Any CPU.ActiveCfg = Release|Any CPU
		{B5B27152-F369-4ADC-8740-2713FA1A6956}.Release|Any CPU.Build.0 = Release|Any CPU
	EndGlobalSection
	GlobalSection(SolutionProperties) = preSolution
		HideSolutionNode = FALSE
	EndGlobalSection
	GlobalSection(ExtensibilityGlobals) = postSolution
		SolutionGuid = {61757CB4-EBCF-4925-B9AB-BF8EDE9C58D9}
	EndGlobalSection
EndGlobal
